
Microsoft Visual Studio Solution File, Format Version 12.00
# Visual Studio Version 17
VisualStudioVersion = 17.0.31903.59
MinimumVisualStudioVersion = 10.0.40219.1
Project("{b9ec6c86-7f36-4809-b360-f3e9c4679ff6}") = "SMT.Stats", "SMT.Stats.csproj", "{f1f30c2d-4fbd-435d-991e-6cc01cfc2d84}"
EndProject
Global
	GlobalSection(SolutionConfigurationPlatforms) = preSolution
		Debug|Any CPU = Debug|Any CPU
		Release|Any CPU = Release|Any CPU
	EndGlobalSection
	GlobalSection(SolutionProperties) = preSolution
		HideSolutionNode = FALSE
	EndGlobalSection
	GlobalSection(ProjectConfigurationPlatforms) = postSolution
		{f1f30c2d-4fbd-435d-991e-6cc01cfc2d84}.Debug|Any CPU.ActiveCfg = Debug|Any CPU
		{f1f30c2d-4fbd-435d-991e-6cc01cfc2d84}.Debug|Any CPU.Build.0 = Debug|Any CPU
		{f1f30c2d-4fbd-435d-991e-6cc01cfc2d84}.Release|Any CPU.ActiveCfg = Release|Any CPU
		{f1f30c2d-4fbd-435d-991e-6cc01cfc2d84}.Release|Any CPU.Build.0 = Release|Any CPU
	EndGlobalSection
EndGlobal
